
Microsoft Visual Studio Solution File, Format Version 12.00
# Visual Studio Version 17
VisualStudioVersion = 17.7.34003.232
MinimumVisualStudioVersion = 10.0.40219.1
Project("{FAE04EC0-301F-11D3-BF4B-00C04F79EFBC}") = "TODO", "TODO\TODO.csproj", "{7D92F963-AC9B-4E55-976B-2257C73EC78A}"
EndProject
Project("{FAE04EC0-301F-11D3-BF4B-00C04F79EFBC}") = "TODOUnitTests", "TODOUnitTests\TODOUnitTests.csproj", "{497ABA5F-A245-4F01-803F-4585DA0792A6}"
EndProject
Global
	GlobalSection(SolutionConfigurationPlatforms) = preSolution
		Debug|Any CPU = Debug|Any CPU
		Release|Any CPU = Release|Any CPU
	EndGlobalSection
	GlobalSection(ProjectConfigurationPlatforms) = postSolution
		{7D92F963-AC9B-4E55-976B-2257C73EC78A}.Debug|Any CPU.ActiveCfg = Debug|Any CPU
		{7D92F963-AC9B-4E55-976B-2257C73EC78A}.Debug|Any CPU.Build.0 = Debug|Any CPU
		{7D92F963-AC9B-4E55-976B-2257C73EC78A}.Release|Any CPU.ActiveCfg = Release|Any CPU
		{7D92F963-AC9B-4E55-976B-2257C73EC78A}.Release|Any CPU.Build.0 = Release|Any CPU
		{497ABA5F-A245-4F01-803F-4585DA0792A6}.Debug|Any CPU.ActiveCfg = Debug|Any CPU
		{497ABA5F-A245-4F01-803F-4585DA0792A6}.Debug|Any CPU.Build.0 = Debug|Any CPU
		{497ABA5F-A245-4F01-803F-4585DA0792A6}.Release|Any CPU.ActiveCfg = Release|Any CPU
		{497ABA5F-A245-4F01-803F-4585DA0792A6}.Release|Any CPU.Build.0 = Release|Any CPU
	EndGlobalSection
	GlobalSection(SolutionProperties) = preSolution
		HideSolutionNode = FALSE
	EndGlobalSection
	GlobalSection(ExtensibilityGlobals) = postSolution
		SolutionGuid = {C0CE21D8-90E2-4812-81E2-A3EE40169173}
	EndGlobalSection
EndGlobal
